
Microsoft Visual Studio Solution File, Format Version 12.00
# Visual Studio Version 16
VisualStudioVersion = 16.0.31410.357
MinimumVisualStudioVersion = 10.0.40219.1
Project("{FAE04EC0-301F-11D3-BF4B-00C04F79EFBC}") = "BookListRazor", "BookListRazor\BookListRazor.csproj", "{BEEBD515-9487-4340-8391-C825FF5CD45A}"
EndProject
Global
	GlobalSection(SolutionConfigurationPlatforms) = preSolution
		Debug|Any CPU = Debug|Any CPU
		Release|Any CPU = Release|Any CPU
	EndGlobalSection
	GlobalSection(ProjectConfigurationPlatforms) = postSolution
		{BEEBD515-9487-4340-8391-C825FF5CD45A}.Debug|Any CPU.ActiveCfg = Debug|Any CPU
		{BEEBD515-9487-4340-8391-C825FF5CD45A}.Debug|Any CPU.Build.0 = Debug|Any CPU
		{BEEBD515-9487-4340-8391-C825FF5CD45A}.Release|Any CPU.ActiveCfg = Release|Any CPU
		{BEEBD515-9487-4340-8391-C825FF5CD45A}.Release|Any CPU.Build.0 = Release|Any CPU
	EndGlobalSection
	GlobalSection(SolutionProperties) = preSolution
		HideSolutionNode = FALSE
	EndGlobalSection
	GlobalSection(ExtensibilityGlobals) = postSolution
		SolutionGuid = {384B8D0B-95E2-41E4-9E89-9377D733BC9B}
	EndGlobalSection
EndGlobal
